
Microsoft Visual Studio Solution File, Format Version 11.00
# Visual Studio 2010
Project("{8BC9CEB8-8B4A-11D0-8D11-00A0C91BC942}") = "ngitool", "ngitool\ngitool.vcxproj", "{126D38D2-25F8-48EB-8C88-625016D7799A}"
	ProjectSection(ProjectDependencies) = postProject
		{75FBC50E-580F-4168-8F8A-4BC30A7FED3F} = {75FBC50E-580F-4168-8F8A-4BC30A7FED3F}
		{EACAD42B-5DBA-41D5-A25D-37BD2B289F42} = {EACAD42B-5DBA-41D5-A25D-37BD2B289F42}
		{F865F947-ACB7-4DCF-B857-0309E073E95A} = {F865F947-ACB7-4DCF-B857-0309E073E95A}
		{FFEE3B5D-D253-48AA-8154-ACABEFAED448} = {FFEE3B5D-D253-48AA-8154-ACABEFAED448}
		{AAD790D4-E433-4C8C-A014-CA2C19781F72} = {AAD790D4-E433-4C8C-A014-CA2C19781F72}
	EndProjectSection
EndProject
Project("{8BC9CEB8-8B4A-11D0-8D11-00A0C91BC942}") = "kipl", "..\..\..\..\..\libs\kipl\trunk\vs2010\kipl\kipl\kipl.vcxproj", "{F865F947-ACB7-4DCF-B857-0309E073E95A}"
EndProject
Project("{8BC9CEB8-8B4A-11D0-8D11-00A0C91BC942}") = "gtkmm_addons", "..\..\..\..\..\libs\gtk_addons\trunk\vs2010\gtkmm_addons\gtkmm_addons.vcxproj", "{FFEE3B5D-D253-48AA-8154-ACABEFAED448}"
EndProject
Project("{8BC9CEB8-8B4A-11D0-8D11-00A0C91BC942}") = "ModuleConfig", "..\..\..\..\..\libs\modules\trunk\vs2010\ModuleConfig\ModuleConfig\ModuleConfig.vcxproj", "{EACAD42B-5DBA-41D5-A25D-37BD2B289F42}"
EndProject
Project("{8BC9CEB8-8B4A-11D0-8D11-00A0C91BC942}") = "ModuleConfigurator", "..\..\..\..\..\libs\modules\trunk\vs2010\ModuleConfig\ModuleConfigurator\ModuleConfigurator.vcxproj", "{AAD790D4-E433-4C8C-A014-CA2C19781F72}"
	ProjectSection(ProjectDependencies) = postProject
		{FFEE3B5D-D253-48AA-8154-ACABEFAED448} = {FFEE3B5D-D253-48AA-8154-ACABEFAED448}
	EndProjectSection
EndProject
Project("{8BC9CEB8-8B4A-11D0-8D11-00A0C91BC942}") = "nGIEstimators", "nGIEstimators\nGIEstimators.vcxproj", "{FD2AE23A-5FD4-45F3-A183-F19FA93E0CF5}"
	ProjectSection(ProjectDependencies) = postProject
		{75FBC50E-580F-4168-8F8A-4BC30A7FED3F} = {75FBC50E-580F-4168-8F8A-4BC30A7FED3F}
		{EACAD42B-5DBA-41D5-A25D-37BD2B289F42} = {EACAD42B-5DBA-41D5-A25D-37BD2B289F42}
		{F865F947-ACB7-4DCF-B857-0309E073E95A} = {F865F947-ACB7-4DCF-B857-0309E073E95A}
	EndProjectSection
EndProject
Project("{8BC9CEB8-8B4A-11D0-8D11-00A0C91BC942}") = "nGIFramework", "nGIFramework\nGIFramework.vcxproj", "{75FBC50E-580F-4168-8F8A-4BC30A7FED3F}"
	ProjectSection(ProjectDependencies) = postProject
		{EACAD42B-5DBA-41D5-A25D-37BD2B289F42} = {EACAD42B-5DBA-41D5-A25D-37BD2B289F42}
		{F865F947-ACB7-4DCF-B857-0309E073E95A} = {F865F947-ACB7-4DCF-B857-0309E073E95A}
	EndProjectSection
EndProject
Project("{8BC9CEB8-8B4A-11D0-8D11-00A0C91BC942}") = "nGIPreprocessing", "nGIPreprocessing\nGIPreprocessing.vcxproj", "{C55491D3-72D0-4778-AEF2-F50C4B3B65AA}"
	ProjectSection(ProjectDependencies) = postProject
		{75FBC50E-580F-4168-8F8A-4BC30A7FED3F} = {75FBC50E-580F-4168-8F8A-4BC30A7FED3F}
		{EACAD42B-5DBA-41D5-A25D-37BD2B289F42} = {EACAD42B-5DBA-41D5-A25D-37BD2B289F42}
		{F865F947-ACB7-4DCF-B857-0309E073E95A} = {F865F947-ACB7-4DCF-B857-0309E073E95A}
	EndProjectSection
EndProject
Project("{8BC9CEB8-8B4A-11D0-8D11-00A0C91BC942}") = "nGIPreprocessingGUI", "nGIPreprocessingGUI\nGIPreprocessingGUI.vcxproj", "{249A161B-B3A1-4303-9203-193112CC9AF4}"
	ProjectSection(ProjectDependencies) = postProject
		{75FBC50E-580F-4168-8F8A-4BC30A7FED3F} = {75FBC50E-580F-4168-8F8A-4BC30A7FED3F}
		{EACAD42B-5DBA-41D5-A25D-37BD2B289F42} = {EACAD42B-5DBA-41D5-A25D-37BD2B289F42}
		{F865F947-ACB7-4DCF-B857-0309E073E95A} = {F865F947-ACB7-4DCF-B857-0309E073E95A}
		{FFEE3B5D-D253-48AA-8154-ACABEFAED448} = {FFEE3B5D-D253-48AA-8154-ACABEFAED448}
		{C55491D3-72D0-4778-AEF2-F50C4B3B65AA} = {C55491D3-72D0-4778-AEF2-F50C4B3B65AA}
		{AAD790D4-E433-4C8C-A014-CA2C19781F72} = {AAD790D4-E433-4C8C-A014-CA2C19781F72}
	EndProjectSection
EndProject
Project("{54435603-DBB4-11D2-8724-00A0C9A8B90C}") = "nGITool_setup", "nGITool_setup\nGITool_setup.vdproj", "{E0A30D17-AE8E-4978-919C-9BCC859CB202}"
EndProject
Project("{8BC9CEB8-8B4A-11D0-8D11-00A0C91BC942}") = "ImagingAlgorithms", "..\..\..\..\..\..\qni\trunk\src\ImagingAlgorithms\vs2010\ImagingAlgorithms\ImagingAlgorithms.vcxproj", "{2197006D-F0F3-4A75-A037-5193FF7BBE0E}"
	ProjectSection(ProjectDependencies) = postProject
		{F865F947-ACB7-4DCF-B857-0309E073E95A} = {F865F947-ACB7-4DCF-B857-0309E073E95A}
	EndProjectSection
EndProject
Global
	GlobalSection(SolutionConfigurationPlatforms) = preSolution
		Debug|Win32 = Debug|Win32
		Release|Win32 = Release|Win32
	EndGlobalSection
	GlobalSection(ProjectConfigurationPlatforms) = postSolution
		{126D38D2-25F8-48EB-8C88-625016D7799A}.Debug|Win32.ActiveCfg = Debug|Win32
		{126D38D2-25F8-48EB-8C88-625016D7799A}.Debug|Win32.Build.0 = Debug|Win32
		{126D38D2-25F8-48EB-8C88-625016D7799A}.Release|Win32.ActiveCfg = Release|Win32
		{126D38D2-25F8-48EB-8C88-625016D7799A}.Release|Win32.Build.0 = Release|Win32
		{F865F947-ACB7-4DCF-B857-0309E073E95A}.Debug|Win32.ActiveCfg = Debug|Win32
		{F865F947-ACB7-4DCF-B857-0309E073E95A}.Debug|Win32.Build.0 = Debug|Win32
		{F865F947-ACB7-4DCF-B857-0309E073E95A}.Release|Win32.ActiveCfg = Release|Win32
		{F865F947-ACB7-4DCF-B857-0309E073E95A}.Release|Win32.Build.0 = Release|Win32
		{FFEE3B5D-D253-48AA-8154-ACABEFAED448}.Debug|Win32.ActiveCfg = Debug|Win32
		{FFEE3B5D-D253-48AA-8154-ACABEFAED448}.Debug|Win32.Build.0 = Debug|Win32
		{FFEE3B5D-D253-48AA-8154-ACABEFAED448}.Release|Win32.ActiveCfg = Release|Win32
		{FFEE3B5D-D253-48AA-8154-ACABEFAED448}.Release|Win32.Build.0 = Release|Win32
		{EACAD42B-5DBA-41D5-A25D-37BD2B289F42}.Debug|Win32.ActiveCfg = Debug|Win32
		{EACAD42B-5DBA-41D5-A25D-37BD2B289F42}.Debug|Win32.Build.0 = Debug|Win32
		{EACAD42B-5DBA-41D5-A25D-37BD2B289F42}.Release|Win32.ActiveCfg = Release|Win32
		{EACAD42B-5DBA-41D5-A25D-37BD2B289F42}.Release|Win32.Build.0 = Release|Win32
		{AAD790D4-E433-4C8C-A014-CA2C19781F72}.Debug|Win32.ActiveCfg = Debug|Win32
		{AAD790D4-E433-4C8C-A014-CA2C19781F72}.Debug|Win32.Build.0 = Debug|Win32
		{AAD790D4-E433-4C8C-A014-CA2C19781F72}.Release|Win32.ActiveCfg = Release|Win32
		{AAD790D4-E433-4C8C-A014-CA2C19781F72}.Release|Win32.Build.0 = Release|Win32
		{FD2AE23A-5FD4-45F3-A183-F19FA93E0CF5}.Debug|Win32.ActiveCfg = Debug|Win32
		{FD2AE23A-5FD4-45F3-A183-F19FA93E0CF5}.Debug|Win32.Build.0 = Debug|Win32
		{FD2AE23A-5FD4-45F3-A183-F19FA93E0CF5}.Release|Win32.ActiveCfg = Release|Win32
		{FD2AE23A-5FD4-45F3-A183-F19FA93E0CF5}.Release|Win32.Build.0 = Release|Win32
		{75FBC50E-580F-4168-8F8A-4BC30A7FED3F}.Debug|Win32.ActiveCfg = Debug|Win32
		{75FBC50E-580F-4168-8F8A-4BC30A7FED3F}.Debug|Win32.Build.0 = Debug|Win32
		{75FBC50E-580F-4168-8F8A-4BC30A7FED3F}.Release|Win32.ActiveCfg = Release|Win32
		{75FBC50E-580F-4168-8F8A-4BC30A7FED3F}.Release|Win32.Build.0 = Release|Win32
		{C55491D3-72D0-4778-AEF2-F50C4B3B65AA}.Debug|Win32.ActiveCfg = Debug|Win32
		{C55491D3-72D0-4778-AEF2-F50C4B3B65AA}.Debug|Win32.Build.0 = Debug|Win32
		{C55491D3-72D0-4778-AEF2-F50C4B3B65AA}.Release|Win32.ActiveCfg = Release|Win32
		{C55491D3-72D0-4778-AEF2-F50C4B3B65AA}.Release|Win32.Build.0 = Release|Win32
		{249A161B-B3A1-4303-9203-193112CC9AF4}.Debug|Win32.ActiveCfg = Debug|Win32
		{249A161B-B3A1-4303-9203-193112CC9AF4}.Debug|Win32.Build.0 = Debug|Win32
		{249A161B-B3A1-4303-9203-193112CC9AF4}.Release|Win32.ActiveCfg = Release|Win32
		{249A161B-B3A1-4303-9203-193112CC9AF4}.Release|Win32.Build.0 = Release|Win32
		{E0A30D17-AE8E-4978-919C-9BCC859CB202}.Debug|Win32.ActiveCfg = Debug
		{E0A30D17-AE8E-4978-919C-9BCC859CB202}.Release|Win32.ActiveCfg = Release
		{2197006D-F0F3-4A75-A037-5193FF7BBE0E}.Debug|Win32.ActiveCfg = Debug|Win32
		{2197006D-F0F3-4A75-A037-5193FF7BBE0E}.Debug|Win32.Build.0 = Debug|Win32
		{2197006D-F0F3-4A75-A037-5193FF7BBE0E}.Release|Win32.ActiveCfg = Release|Win32
		{2197006D-F0F3-4A75-A037-5193FF7BBE0E}.Release|Win32.Build.0 = Release|Win32
	EndGlobalSection
	GlobalSection(SolutionProperties) = preSolution
		HideSolutionNode = FALSE
	EndGlobalSection
EndGlobal
