
Microsoft Visual Studio Solution File, Format Version 10.00
# Visual Studio 2008
Project("{8BC9CEB8-8B4A-11D0-8D11-00A0C91BC942}") = "ngi_tool", "ngi_tool\ngi_tool.vcproj", "{CB859DF0-8D16-453E-8BA1-483518CEEFC5}"
EndProject
Project("{8BC9CEB8-8B4A-11D0-8D11-00A0C91BC942}") = "kipl", "..\..\..\..\..\libs\kipl\trunk\vs2008\kipl\kipl\kipl.vcproj", "{6529D21D-403F-4517-BD3E-440ED8077688}"
EndProject
Project("{54435603-DBB4-11D2-8724-00A0C9A8B90C}") = "ngi_installer", "ngi_installer\ngi_installer.vdproj", "{1F08A213-F0F1-4EC7-A66F-DCC55EA56E45}"
EndProject
Project("{8BC9CEB8-8B4A-11D0-8D11-00A0C91BC942}") = "gtkmm_addons", "..\..\..\..\..\libs\gtk_addons\trunk\vs2008\gtkmm_addons\gtkmm_addons.vcproj", "{7F1E0A9D-04F5-4AB2-BDC6-813968E57AFB}"
EndProject
Project("{8BC9CEB8-8B4A-11D0-8D11-00A0C91BC942}") = "recon", "..\..\..\..\..\libs\recon\trunk\vs2008\recon\recon\recon.vcproj", "{886AF426-CAD1-4732-887C-CCB4406EF0D3}"
EndProject
Global
	GlobalSection(SolutionConfigurationPlatforms) = preSolution
		Debug|Win32 = Debug|Win32
		Release|Win32 = Release|Win32
		Release64|Win32 = Release64|Win32
	EndGlobalSection
	GlobalSection(ProjectConfigurationPlatforms) = postSolution
		{CB859DF0-8D16-453E-8BA1-483518CEEFC5}.Debug|Win32.ActiveCfg = Debug|Win32
		{CB859DF0-8D16-453E-8BA1-483518CEEFC5}.Debug|Win32.Build.0 = Debug|Win32
		{CB859DF0-8D16-453E-8BA1-483518CEEFC5}.Release|Win32.ActiveCfg = Release|Win32
		{CB859DF0-8D16-453E-8BA1-483518CEEFC5}.Release|Win32.Build.0 = Release|Win32
		{CB859DF0-8D16-453E-8BA1-483518CEEFC5}.Release64|Win32.ActiveCfg = Release|Win32
		{CB859DF0-8D16-453E-8BA1-483518CEEFC5}.Release64|Win32.Build.0 = Release|Win32
		{6529D21D-403F-4517-BD3E-440ED8077688}.Debug|Win32.ActiveCfg = Debug|Win32
		{6529D21D-403F-4517-BD3E-440ED8077688}.Debug|Win32.Build.0 = Debug|Win32
		{6529D21D-403F-4517-BD3E-440ED8077688}.Release|Win32.ActiveCfg = Release|Win32
		{6529D21D-403F-4517-BD3E-440ED8077688}.Release|Win32.Build.0 = Release|Win32
		{6529D21D-403F-4517-BD3E-440ED8077688}.Release64|Win32.ActiveCfg = Release64|Win32
		{6529D21D-403F-4517-BD3E-440ED8077688}.Release64|Win32.Build.0 = Release64|Win32
		{1F08A213-F0F1-4EC7-A66F-DCC55EA56E45}.Debug|Win32.ActiveCfg = Debug
		{1F08A213-F0F1-4EC7-A66F-DCC55EA56E45}.Release|Win32.ActiveCfg = Release
		{1F08A213-F0F1-4EC7-A66F-DCC55EA56E45}.Release64|Win32.ActiveCfg = Release
		{7F1E0A9D-04F5-4AB2-BDC6-813968E57AFB}.Debug|Win32.ActiveCfg = Debug|Win32
		{7F1E0A9D-04F5-4AB2-BDC6-813968E57AFB}.Debug|Win32.Build.0 = Debug|Win32
		{7F1E0A9D-04F5-4AB2-BDC6-813968E57AFB}.Release|Win32.ActiveCfg = Release|Win32
		{7F1E0A9D-04F5-4AB2-BDC6-813968E57AFB}.Release|Win32.Build.0 = Release|Win32
		{7F1E0A9D-04F5-4AB2-BDC6-813968E57AFB}.Release64|Win32.ActiveCfg = Release|Win32
		{7F1E0A9D-04F5-4AB2-BDC6-813968E57AFB}.Release64|Win32.Build.0 = Release|Win32
		{886AF426-CAD1-4732-887C-CCB4406EF0D3}.Debug|Win32.ActiveCfg = Debug|Win32
		{886AF426-CAD1-4732-887C-CCB4406EF0D3}.Debug|Win32.Build.0 = Debug|Win32
		{886AF426-CAD1-4732-887C-CCB4406EF0D3}.Release|Win32.ActiveCfg = Release|Win32
		{886AF426-CAD1-4732-887C-CCB4406EF0D3}.Release|Win32.Build.0 = Release|Win32
		{886AF426-CAD1-4732-887C-CCB4406EF0D3}.Release64|Win32.ActiveCfg = Release|Win32
		{886AF426-CAD1-4732-887C-CCB4406EF0D3}.Release64|Win32.Build.0 = Release|Win32
	EndGlobalSection
	GlobalSection(SolutionProperties) = preSolution
		HideSolutionNode = FALSE
	EndGlobalSection
EndGlobal
